<Solution>
  <Folder Name="/src/">
    <Project Path="KopiKala/KopiKala.csproj" />
  </Folder>
  <Folder Name="/tests/">
    <Project Path="KopiKala.Tests/KopiKala.Tests.csproj" />
  </Folder>
  <Folder Name="/docker/">
    <File Path="docker-compose.yml" />
    <File Path="docker-compose.override.yml" />
    <File Path="init.sql" />
  </Folder>
  <Folder Name="/docs/">
    <File Path="docs/PRD.md" />
    <File Path="docs/DISCUSSION.md" />
    <File Path="AGENT.md" />
  </Folder>
  <Folder Name="/docs/tickets/">
    <File Path="docs/tickets/TICKET-1.md" />
    <File Path="docs/tickets/TICKET-2.md" />
  </Folder>
  <Folder Name="/docs/walkthrough/">
    <File Path="docs/walkthrough/TICKET-1-WALKTHROUGH.md" />
    <File Path="docs/walkthrough/TICKET-2-WALKTHROUGH.md" />
  </Folder>
</Solution>
